{
  "lockfileVersion": 1,
  "configVersion": 1,
  "workspaces": {
    "": {
      "name": "@nownabe/tools",
      "devDependencies": {
        "oxfmt": "^0.32.0",
        "oxlint": "^0.16.7",
      },
    },
  },
  "packages": {
    "@oxfmt/binding-android-arm-eabi": ["@oxfmt/binding-android-arm-eabi@0.32.0", "", { "os": "android", "cpu": "arm" }, "sha512-DpVyuVzgLH6/MvuB/YD3vXO9CN/o9EdRpA0zXwe/tagP6yfVSFkFWkPqTROdqp0mlzLH5Yl+/m+hOrcM601EbA=="],

    "@oxfmt/binding-android-arm64": ["@oxfmt/binding-android-arm64@0.32.0", "", { "os": "android", "cpu": "arm64" }, "sha512-w1cmNXf9zs0vKLuNgyUF3hZ9VUAS1hBmQGndYJv1OmcVqStBtRTRNxSWkWM0TMkrA9UbvIvM9gfN+ib4Wy6lkQ=="],

    "@oxfmt/binding-darwin-arm64": ["@oxfmt/binding-darwin-arm64@0.32.0", "", { "os": "darwin", "cpu": "arm64" }, "sha512-m6wQojz/hn94XdZugFPtdFbOvXbOSYEqPsR2gyLyID3BvcrC2QsJyT1o3gb4BZEGtZrG1NiKVGwDRLM0dHd2mg=="],

    "@oxfmt/binding-darwin-x64": ["@oxfmt/binding-darwin-x64@0.32.0", "", { "os": "darwin", "cpu": "x64" }, "sha512-hN966Uh6r3Erkg2MvRcrJWaB6QpBzP15rxWK/QtkUyD47eItJLsAQ2Hrm88zMIpFZ3COXZLuN3hqgSlUtvB0Xw=="],

    "@oxfmt/binding-freebsd-x64": ["@oxfmt/binding-freebsd-x64@0.32.0", "", { "os": "freebsd", "cpu": "x64" }, "sha512-g5UZPGt8tJj263OfSiDGdS54HPa0KgFfspLVAUivVSdoOgsk6DkwVS9nO16xQTDztzBPGxTvrby8WuufF0g86Q=="],

    "@oxfmt/binding-linux-arm-gnueabihf": ["@oxfmt/binding-linux-arm-gnueabihf@0.32.0", "", { "os": "linux", "cpu": "arm" }, "sha512-F4ZY83/PVQo9ZJhtzoMqbmjqEyTVEZjbaw4x1RhzdfUhddB41ZB2Vrt4eZi7b4a4TP85gjPRHgQBeO0c1jbtaw=="],

    "@oxfmt/binding-linux-arm-musleabihf": ["@oxfmt/binding-linux-arm-musleabihf@0.32.0", "", { "os": "linux", "cpu": "arm" }, "sha512-olR37eG16Lzdj9OBSvuoT5RxzgM5xfQEHm1OEjB3M7Wm4KWa5TDWIT13Aiy74GvAN77Hq1+kUKcGVJ/0ynf75g=="],

    "@oxfmt/binding-linux-arm64-gnu": ["@oxfmt/binding-linux-arm64-gnu@0.32.0", "", { "os": "linux", "cpu": "arm64" }, "sha512-eZhk6AIjRCDeLoXYBhMW7qq/R1YyVi+tGnGfc3kp7AZQrMsFaWtP/bgdCJCTNXMpbMwymtVz0qhSQvR5w2sKcg=="],

    "@oxfmt/binding-linux-arm64-musl": ["@oxfmt/binding-linux-arm64-musl@0.32.0", "", { "os": "linux", "cpu": "arm64" }, "sha512-UYiqO9MlipntFbdbUKOIo84vuyzrK4TVIs7Etat91WNMFSW54F6OnHq08xa5ZM+K9+cyYMgQPXvYCopuP+LyKw=="],

    "@oxfmt/binding-linux-ppc64-gnu": ["@oxfmt/binding-linux-ppc64-gnu@0.32.0", "", { "os": "linux", "cpu": "ppc64" }, "sha512-IDH/fxMv+HmKsMtsjEbXqhScCKDIYp38sgGEcn0QKeXMxrda67PPZA7HMfoUwEtFUG+jsO1XJxTrQsL+kQ90xQ=="],

    "@oxfmt/binding-linux-riscv64-gnu": ["@oxfmt/binding-linux-riscv64-gnu@0.32.0", "", { "os": "linux", "cpu": "none" }, "sha512-bQFGPDa0buYWJFeK2I7ah8wRZjrAgamaG2OAGv+Ua5UMYEnHxmHcv+r8lWUUrwP2oqQGvp1SB8JIVtBbYuAueQ=="],

    "@oxfmt/binding-linux-riscv64-musl": ["@oxfmt/binding-linux-riscv64-musl@0.32.0", "", { "os": "linux", "cpu": "none" }, "sha512-3vFp9DW1ItEKWltADzCFqG5N7rYFToT4ztlhg8wALoo2E2VhveLD88uAF4FF9AxD9NhgHDGmPCV+WZl/Qlj8cQ=="],

    "@oxfmt/binding-linux-s390x-gnu": ["@oxfmt/binding-linux-s390x-gnu@0.32.0", "", { "os": "linux", "cpu": "s390x" }, "sha512-Fub2y8S9ImuPzAzpbgkoz/EVTWFFBolxFZYCMRhRZc8cJZI2gl/NlZswqhvJd/U0Jopnwgm/OJ2x128vVzFFWA=="],

    "@oxfmt/binding-linux-x64-gnu": ["@oxfmt/binding-linux-x64-gnu@0.32.0", "", { "os": "linux", "cpu": "x64" }, "sha512-XufwsnV3BF81zO2ofZvhT4FFaMmLTzZEZnC9HpFz/quPeg9C948+kbLlZnsfjmp+1dUxKMCpfmRMqOfF4AOLsA=="],

    "@oxfmt/binding-linux-x64-musl": ["@oxfmt/binding-linux-x64-musl@0.32.0", "", { "os": "linux", "cpu": "x64" }, "sha512-u2f9tC2qYfikKmA2uGpnEJgManwmk0ZXWs5BB4ga4KDu2JNLdA3i634DGHeMLK9wY9+iRf3t7IYpgN3OVFrvDw=="],

    "@oxfmt/binding-openharmony-arm64": ["@oxfmt/binding-openharmony-arm64@0.32.0", "", { "os": "none", "cpu": "arm64" }, "sha512-5ZXb1wrdbZ1YFXuNXNUCePLlmLDy4sUt4evvzD4Cgumbup5wJgS9PIe5BOaLywUg9f1wTH6lwltj3oT7dFpIGA=="],

    "@oxfmt/binding-win32-arm64-msvc": ["@oxfmt/binding-win32-arm64-msvc@0.32.0", "", { "os": "win32", "cpu": "arm64" }, "sha512-IGSMm/Agq+IA0++aeAV/AGPfjcBdjrsajB5YpM3j7cMcwoYgUTi/k2YwAmsHH3ueZUE98pSM/Ise2J7HtyRjOA=="],

    "@oxfmt/binding-win32-ia32-msvc": ["@oxfmt/binding-win32-ia32-msvc@0.32.0", "", { "os": "win32", "cpu": "ia32" }, "sha512-H/9gsuqXmceWMsVoCPZhtJG2jLbnBeKr7xAXm2zuKpxLVF7/2n0eh7ocOLB6t+L1ARE76iORuUsRMnuGjj8FjQ=="],

    "@oxfmt/binding-win32-x64-msvc": ["@oxfmt/binding-win32-x64-msvc@0.32.0", "", { "os": "win32", "cpu": "x64" }, "sha512-fF8VIOeligq+mA6KfKvWtFRXbf0EFy73TdR6ZnNejdJRM8VWN1e3QFhYgIwD7O8jBrQsd7EJbUpkAr/YlUOokg=="],

    "@oxlint/darwin-arm64": ["@oxlint/darwin-arm64@0.16.12", "", { "os": "darwin", "cpu": "arm64" }, "sha512-G7phYhlIA4ke2nW7tHLl+E5+rvdzgGA6830D+e+y1RGllT0w2ONGdKcVTj+2pXGCw6yPmCC5fDsDEn2+RPTfxg=="],

    "@oxlint/darwin-x64": ["@oxlint/darwin-x64@0.16.12", "", { "os": "darwin", "cpu": "x64" }, "sha512-P/LSOgJ6SzQ3OKEIf3HsebgokZiZ5nDuTgIL4LpNCHlkOLDu/fT8XL9pSkR5y+60v0SOxUF/+aN0Q8EmxblrCw=="],

    "@oxlint/linux-arm64-gnu": ["@oxlint/linux-arm64-gnu@0.16.12", "", { "os": "linux", "cpu": "arm64" }, "sha512-0N/ZsW+cL7ZAUvOHbzMp3iApt5b/Q81q2e9RgEzkI6gUDCJK8/blWg0se/i6y9e24WH0ZC4bcxY1+Qz4ZQ+mFw=="],

    "@oxlint/linux-arm64-musl": ["@oxlint/linux-arm64-musl@0.16.12", "", { "os": "linux", "cpu": "arm64" }, "sha512-MoG1SIw4RGowsOsPjm5HjRWymisRZWBea7ewMoXA5xIVQ3eqECifG0KJW0OZp96Ad8DFBEavdlNuImB2uXsMwg=="],

    "@oxlint/linux-x64-gnu": ["@oxlint/linux-x64-gnu@0.16.12", "", { "os": "linux", "cpu": "x64" }, "sha512-STho8QdMLfn/0lqRU94tGPaYX8lGJccPbqeUcEr3eK5gZ5ZBdXmiHlvkcngXFEXksYC8/5VoJN7Vf3HsmkEskw=="],

    "@oxlint/linux-x64-musl": ["@oxlint/linux-x64-musl@0.16.12", "", { "os": "linux", "cpu": "x64" }, "sha512-i7pzSoj9nCg/ZzOe8dCZeFWyRRWDylR9tIX04xRTq3G6PBLm6i9VrOdEkxbgM9+pCkRzUc0a9D7rbtCF34TQUA=="],

    "@oxlint/win32-arm64": ["@oxlint/win32-arm64@0.16.12", "", { "os": "win32", "cpu": "arm64" }, "sha512-wcxq3IBJ7ZlONlXJxQM+7EMx+LX1nkz3ZS3R0EtDM76EOZaqe8BMkW5cXVhF8jarZTZC18oKAckW4Ng9d8adBg=="],

    "@oxlint/win32-x64": ["@oxlint/win32-x64@0.16.12", "", { "os": "win32", "cpu": "x64" }, "sha512-Ae1fx7wmAcMVqzS8rLINaFRpAdh29QzHh133bEYMHzfWBYyK/hLu9g4GLwC/lEIVQu9884b8qutGfdOk6Qia3w=="],

    "oxfmt": ["oxfmt@0.32.0", "", { "dependencies": { "tinypool": "2.1.0" }, "optionalDependencies": { "@oxfmt/binding-android-arm-eabi": "0.32.0", "@oxfmt/binding-android-arm64": "0.32.0", "@oxfmt/binding-darwin-arm64": "0.32.0", "@oxfmt/binding-darwin-x64": "0.32.0", "@oxfmt/binding-freebsd-x64": "0.32.0", "@oxfmt/binding-linux-arm-gnueabihf": "0.32.0", "@oxfmt/binding-linux-arm-musleabihf": "0.32.0", "@oxfmt/binding-linux-arm64-gnu": "0.32.0", "@oxfmt/binding-linux-arm64-musl": "0.32.0", "@oxfmt/binding-linux-ppc64-gnu": "0.32.0", "@oxfmt/binding-linux-riscv64-gnu": "0.32.0", "@oxfmt/binding-linux-riscv64-musl": "0.32.0", "@oxfmt/binding-linux-s390x-gnu": "0.32.0", "@oxfmt/binding-linux-x64-gnu": "0.32.0", "@oxfmt/binding-linux-x64-musl": "0.32.0", "@oxfmt/binding-openharmony-arm64": "0.32.0", "@oxfmt/binding-win32-arm64-msvc": "0.32.0", "@oxfmt/binding-win32-ia32-msvc": "0.32.0", "@oxfmt/binding-win32-x64-msvc": "0.32.0" }, "bin": { "oxfmt": "bin/oxfmt" } }, "sha512-KArQhGzt/Y8M1eSAX98Y8DLtGYYDQhkR55THUPY5VNcpFQ+9nRZkL3ULXhagHMD2hIvjy8JSeEQEP5/yYJSrLA=="],

    "oxlint": ["oxlint@0.16.12", "", { "optionalDependencies": { "@oxlint/darwin-arm64": "0.16.12", "@oxlint/darwin-x64": "0.16.12", "@oxlint/linux-arm64-gnu": "0.16.12", "@oxlint/linux-arm64-musl": "0.16.12", "@oxlint/linux-x64-gnu": "0.16.12", "@oxlint/linux-x64-musl": "0.16.12", "@oxlint/win32-arm64": "0.16.12", "@oxlint/win32-x64": "0.16.12" }, "bin": { "oxlint": "bin/oxlint", "oxc_language_server": "bin/oxc_language_server" } }, "sha512-1oN3P9bzE90zkbjLTc+uICVLwSR+eQaDaYVipS0BtmtmEd3ccQue0y7npCinb35YqKzIv1LZxhoU9nm5fgmQuw=="],

    "tinypool": ["tinypool@2.1.0", "", {}, "sha512-Pugqs6M0m7Lv1I7FtxN4aoyToKg1C4tu+/381vH35y8oENM/Ai7f7C4StcoK4/+BSw9ebcS8jRiVrORFKCALLw=="],
  }
}
